
Microsoft Visual Studio Solution File, Format Version 12.00
# Visual Studio 15
VisualStudioVersion = 15.0.27130.2036
MinimumVisualStudioVersion = 10.0.40219.1
Project("{FAE04EC0-301F-11D3-BF4B-00C04F79EFBC}") = "AccountSystem", "AccountSystem\AccountSystem.csproj", "{310E2C88-8683-426C-A638-765E4EC39508}"
EndProject
Global
	GlobalSection(SolutionConfigurationPlatforms) = preSolution
		Debug|Any CPU = Debug|Any CPU
		Release|Any CPU = Release|Any CPU
	EndGlobalSection
	GlobalSection(ProjectConfigurationPlatforms) = postSolution
		{310E2C88-8683-426C-A638-765E4EC39508}.Debug|Any CPU.ActiveCfg = Debug|Any CPU
		{310E2C88-8683-426C-A638-765E4EC39508}.Debug|Any CPU.Build.0 = Debug|Any CPU
		{310E2C88-8683-426C-A638-765E4EC39508}.Release|Any CPU.ActiveCfg = Release|Any CPU
		{310E2C88-8683-426C-A638-765E4EC39508}.Release|Any CPU.Build.0 = Release|Any CPU
	EndGlobalSection
	GlobalSection(SolutionProperties) = preSolution
		HideSolutionNode = FALSE
	EndGlobalSection
	GlobalSection(ExtensibilityGlobals) = postSolution
		SolutionGuid = {831C4D64-9125-4FFD-890A-4A2726865EF3}
	EndGlobalSection
EndGlobal
